
Microsoft Visual Studio Solution File, Format Version 12.00
# Visual Studio Version 17
VisualStudioVersion = 17.0.31903.59
MinimumVisualStudioVersion = 10.0.40219.1
Project("{FAE04EC0-301F-11D3-BF4B-00C04F79EFBC}") = "SpaceBattle.lib", "SpaceBattle.Lib\SpaceBattle.lib.csproj", "{0FDD14F8-01C9-4827-9B39-F6CAA797C839}"
EndProject
Project("{FAE04EC0-301F-11D3-BF4B-00C04F79EFBC}") = "SpaceBattle.lib.test", "SpaceBattle.lib.test\SpaceBattle.lib.test.csproj", "{10F3015F-B541-4B7A-BC00-0C086D543226}"
EndProject
Global
	GlobalSection(SolutionConfigurationPlatforms) = preSolution
		Debug|Any CPU = Debug|Any CPU
		Release|Any CPU = Release|Any CPU
	EndGlobalSection
	GlobalSection(SolutionProperties) = preSolution
		HideSolutionNode = FALSE
	EndGlobalSection
	GlobalSection(ProjectConfigurationPlatforms) = postSolution
		{0FDD14F8-01C9-4827-9B39-F6CAA797C839}.Debug|Any CPU.ActiveCfg = Debug|Any CPU
		{0FDD14F8-01C9-4827-9B39-F6CAA797C839}.Debug|Any CPU.Build.0 = Debug|Any CPU
		{0FDD14F8-01C9-4827-9B39-F6CAA797C839}.Release|Any CPU.ActiveCfg = Release|Any CPU
		{0FDD14F8-01C9-4827-9B39-F6CAA797C839}.Release|Any CPU.Build.0 = Release|Any CPU
		{10F3015F-B541-4B7A-BC00-0C086D543226}.Debug|Any CPU.ActiveCfg = Debug|Any CPU
		{10F3015F-B541-4B7A-BC00-0C086D543226}.Debug|Any CPU.Build.0 = Debug|Any CPU
		{10F3015F-B541-4B7A-BC00-0C086D543226}.Release|Any CPU.ActiveCfg = Release|Any CPU
		{10F3015F-B541-4B7A-BC00-0C086D543226}.Release|Any CPU.Build.0 = Release|Any CPU
	EndGlobalSection
EndGlobal
